
Microsoft Visual Studio Solution File, Format Version 12.00
# Visual Studio Version 17
VisualStudioVersion = 17.1.32414.318
MinimumVisualStudioVersion = 10.0.40219.1
Project("{FAE04EC0-301F-11D3-BF4B-00C04F79EFBC}") = "DAL", "DAL\DAL.csproj", "{44AE4626-0437-4768-975D-89056017F63A}"
EndProject
Project("{FAE04EC0-301F-11D3-BF4B-00C04F79EFBC}") = "BLL", "BLL\BLL.csproj", "{ACA7762B-C856-4EBC-ADC8-DB04C156E40D}"
EndProject
Project("{FAE04EC0-301F-11D3-BF4B-00C04F79EFBC}") = "UI", "UI\UI.csproj", "{043E7054-FEE4-4B15-B260-69941265CB5A}"
EndProject
Global
	GlobalSection(SolutionConfigurationPlatforms) = preSolution
		Debug|Any CPU = Debug|Any CPU
		Release|Any CPU = Release|Any CPU
	EndGlobalSection
	GlobalSection(ProjectConfigurationPlatforms) = postSolution
		{44AE4626-0437-4768-975D-89056017F63A}.Debug|Any CPU.ActiveCfg = Debug|Any CPU
		{44AE4626-0437-4768-975D-89056017F63A}.Debug|Any CPU.Build.0 = Debug|Any CPU
		{44AE4626-0437-4768-975D-89056017F63A}.Release|Any CPU.ActiveCfg = Release|Any CPU
		{44AE4626-0437-4768-975D-89056017F63A}.Release|Any CPU.Build.0 = Release|Any CPU
		{ACA7762B-C856-4EBC-ADC8-DB04C156E40D}.Debug|Any CPU.ActiveCfg = Debug|Any CPU
		{ACA7762B-C856-4EBC-ADC8-DB04C156E40D}.Debug|Any CPU.Build.0 = Debug|Any CPU
		{ACA7762B-C856-4EBC-ADC8-DB04C156E40D}.Release|Any CPU.ActiveCfg = Release|Any CPU
		{ACA7762B-C856-4EBC-ADC8-DB04C156E40D}.Release|Any CPU.Build.0 = Release|Any CPU
		{043E7054-FEE4-4B15-B260-69941265CB5A}.Debug|Any CPU.ActiveCfg = Debug|Any CPU
		{043E7054-FEE4-4B15-B260-69941265CB5A}.Debug|Any CPU.Build.0 = Debug|Any CPU
		{043E7054-FEE4-4B15-B260-69941265CB5A}.Release|Any CPU.ActiveCfg = Release|Any CPU
		{043E7054-FEE4-4B15-B260-69941265CB5A}.Release|Any CPU.Build.0 = Release|Any CPU
	EndGlobalSection
	GlobalSection(SolutionProperties) = preSolution
		HideSolutionNode = FALSE
	EndGlobalSection
	GlobalSection(ExtensibilityGlobals) = postSolution
		SolutionGuid = {CF8741FE-A86B-4AD6-97B7-F91225E40700}
	EndGlobalSection
EndGlobal
